{
  "version": 4,
  "terraform_version": "1.7.5",
  "serial": 408,
  "lineage": "94e28156-3897-92be-d5d6-5f7fbe7bdb59",
  "outputs": {
    "helm_nginx_ingress_status": {
      "value": "deployed",
      "type": "string"
    },
    "public_loadbalancer_ip": {
      "value": "195.154.74.183",
      "type": "string"
    }
  },
  "resources": [
    {
      "mode": "data",
      "type": "kubectl_file_documents",
      "name": "hello_world",
      "provider": "provider[\"registry.terraform.io/gavinbunney/kubectl\"]",
      "instances": [
        {
          "schema_version": 0,
          "attributes": {
            "content": "apiVersion: apps/v1\nkind: Deployment\nmetadata:\n  name: hello-world\n  labels:\n    app: hello-world\nspec:\n  replicas: 1\n  selector:\n    matchLabels:\n      app: hello-world\n  template:\n    metadata:\n      labels:\n        app: hello-world\n    spec:\n      containers:\n        - name: hello-world\n          image: paulbouwer/hello-kubernetes:1.9\n          ports:\n            - containerPort: 8080\n          env:\n            - name: MESSAGE\n              value: Hello world, I'm Loic Steve, future work-study student at Free!\n\n---\napiVersion: v1\nkind: Service\nmetadata:\n  name: hello-world-service\n  labels:\n    app: hello-world\nspec:\n  type: LoadBalancer\n  ports:\n    - port: 80\n      targetPort: 8080\n  selector:\n    app: hello-world\n\n---\napiVersion: networking.k8s.io/v1\nkind: Ingress\nmetadata:\n  name: hello-world-ingress\n  annotations:\n    kubernetes.io/ingress.class: \"nginx\"\n    nginx.ingress.kubernetes.io/rewrite-target: /\n    nginx.ingress.kubernetes.io/ssl-redirect: \"true\"\n    nginx.ingress.kubernetes.io/well-known-type: acme\nspec:\n  tls:\n    - hosts:\n        - hello-world.com\n      secretName: hello-world-tls\n  rules:\n    - host: hello-world.com\n      http:\n        paths:\n          - path: /\n            pathType: Prefix\n            backend:\n              service:\n                name: hello-world-service\n                port:\n                  number: 80\n",
            "documents": [
              "apiVersion: apps/v1\nkind: Deployment\nmetadata:\n  name: hello-world\n  labels:\n    app: hello-world\nspec:\n  replicas: 1\n  selector:\n    matchLabels:\n      app: hello-world\n  template:\n    metadata:\n      labels:\n        app: hello-world\n    spec:\n      containers:\n        - name: hello-world\n          image: paulbouwer/hello-kubernetes:1.9\n          ports:\n            - containerPort: 8080\n          env:\n            - name: MESSAGE\n              value: Hello world, I'm Loic Steve, future work-study student at Free!",
              "apiVersion: v1\nkind: Service\nmetadata:\n  name: hello-world-service\n  labels:\n    app: hello-world\nspec:\n  type: LoadBalancer\n  ports:\n    - port: 80\n      targetPort: 8080\n  selector:\n    app: hello-world",
              "apiVersion: networking.k8s.io/v1\nkind: Ingress\nmetadata:\n  name: hello-world-ingress\n  annotations:\n    kubernetes.io/ingress.class: \"nginx\"\n    nginx.ingress.kubernetes.io/rewrite-target: /\n    nginx.ingress.kubernetes.io/ssl-redirect: \"true\"\n    nginx.ingress.kubernetes.io/well-known-type: acme\nspec:\n  tls:\n    - hosts:\n        - hello-world.com\n      secretName: hello-world-tls\n  rules:\n    - host: hello-world.com\n      http:\n        paths:\n          - path: /\n            pathType: Prefix\n            backend:\n              service:\n                name: hello-world-service\n                port:\n                  number: 80"
            ],
            "id": "cb070cd3d77af3afe19def57e32a07b3cdf40ac5ddcf722ba8e571db32f49a98",
            "manifests": {
              "/api/v1/services/hello-world-service": "apiVersion: v1\nkind: Service\nmetadata:\n  labels:\n    app: hello-world\n  name: hello-world-service\nspec:\n  ports:\n  - port: 80\n    targetPort: 8080\n  selector:\n    app: hello-world\n  type: LoadBalancer\n",
              "/apis/apps/v1/deployments/hello-world": "apiVersion: apps/v1\nkind: Deployment\nmetadata:\n  labels:\n    app: hello-world\n  name: hello-world\nspec:\n  replicas: 1\n  selector:\n    matchLabels:\n      app: hello-world\n  template:\n    metadata:\n      labels:\n        app: hello-world\n    spec:\n      containers:\n      - env:\n        - name: MESSAGE\n          value: Hello world, I'm Loic Steve, future work-study student at Free!\n        image: paulbouwer/hello-kubernetes:1.9\n        name: hello-world\n        ports:\n        - containerPort: 8080\n",
              "/apis/networking.k8s.io/v1/ingresses/hello-world-ingress": "apiVersion: networking.k8s.io/v1\nkind: Ingress\nmetadata:\n  annotations:\n    kubernetes.io/ingress.class: nginx\n    nginx.ingress.kubernetes.io/rewrite-target: /\n    nginx.ingress.kubernetes.io/ssl-redirect: \"true\"\n    nginx.ingress.kubernetes.io/well-known-type: acme\n  name: hello-world-ingress\nspec:\n  rules:\n  - host: hello-world.com\n    http:\n      paths:\n      - backend:\n          service:\n            name: hello-world-service\n            port:\n              number: 80\n        path: /\n        pathType: Prefix\n  tls:\n  - hosts:\n    - hello-world.com\n    secretName: hello-world-tls\n"
            }
          },
          "sensitive_attributes": []
        }
      ]
    },
    {
      "mode": "managed",
      "type": "helm_release",
      "name": "nginx_ingress",
      "provider": "provider[\"registry.terraform.io/hashicorp/helm\"]",
      "instances": [
        {
          "schema_version": 1,
          "attributes": {
            "atomic": false,
            "chart": "ingress-nginx",
            "cleanup_on_fail": false,
            "create_namespace": false,
            "dependency_update": false,
            "description": null,
            "devel": null,
            "disable_crd_hooks": false,
            "disable_openapi_validation": false,
            "disable_webhooks": false,
            "force_update": false,
            "id": "nginx-ingress",
            "keyring": null,
            "lint": false,
            "manifest": null,
            "max_history": 0,
            "metadata": [
              {
                "app_version": "1.10.1",
                "chart": "ingress-nginx",
                "name": "nginx-ingress",
                "namespace": "default",
                "revision": 1,
                "values": "{\"controller\":{\"config\":{\"use-proxy-protocol\":true},\"service\":{\"annotations\":{\"kubernetes.io/ingress\":{\"class\":\"nginx\"},\"nginx.ingress.kubernetes.io/rewrite-target\":\"/\",\"service.beta.kubernetes.io/scw-loadbalancer-proxy-protocol-v2\":true,\"service.beta.kubernetes.io/scw-loadbalancer-use-hostname\":true,\"service.beta.kubernetes.io/scw-loadbalancer-zone\":\"fr-par-1\"},\"externalTrafficPolicy\":\"Cluster\",\"loadBalancerIP\":\"195.154.74.183\"}}}",
                "version": "4.10.1"
              }
            ],
            "name": "nginx-ingress",
            "namespace": "default",
            "pass_credentials": false,
            "postrender": [],
            "recreate_pods": false,
            "render_subchart_notes": true,
            "replace": false,
            "repository": "https://kubernetes.github.io/ingress-nginx",
            "repository_ca_file": null,
            "repository_cert_file": null,
            "repository_key_file": null,
            "repository_password": null,
            "repository_username": null,
            "reset_values": false,
            "reuse_values": false,
            "set": [
              {
                "name": "controller.config.use-proxy-protocol",
                "type": "",
                "value": "true"
              },
              {
                "name": "controller.service.annotations.kubernetes\\.io/ingress.class",
                "type": "",
                "value": "nginx"
              },
              {
                "name": "controller.service.annotations.nginx\\.ingress\\.kubernetes\\.io/rewrite-target",
                "type": "",
                "value": "/"
              },
              {
                "name": "controller.service.annotations.service\\.beta\\.kubernetes\\.io/scw-loadbalancer-proxy-protocol-v2",
                "type": "",
                "value": "true"
              },
              {
                "name": "controller.service.annotations.service\\.beta\\.kubernetes\\.io/scw-loadbalancer-use-hostname",
                "type": "",
                "value": "true"
              },
              {
                "name": "controller.service.annotations.service\\.beta\\.kubernetes\\.io/scw-loadbalancer-zone",
                "type": "",
                "value": "fr-par-1"
              },
              {
                "name": "controller.service.externalTrafficPolicy",
                "type": "",
                "value": "Cluster"
              },
              {
                "name": "controller.service.loadBalancerIP",
                "type": "",
                "value": "195.154.74.183"
              }
            ],
            "set_list": [],
            "set_sensitive": [],
            "skip_crds": false,
            "status": "deployed",
            "timeout": 300,
            "values": null,
            "verify": false,
            "version": "4.10.1",
            "wait": true,
            "wait_for_jobs": false
          },
          "sensitive_attributes": [],
          "private": "eyJzY2hlbWFfdmVyc2lvbiI6IjEifQ==",
          "dependencies": [
            "null_resource.kubeconfig",
            "scaleway_k8s_cluster.loicsteve_cluster",
            "scaleway_k8s_pool.loicsteve_pool",
            "scaleway_lb_ip.nginx_ip",
            "scaleway_vpc_private_network.hedy"
          ]
        }
      ]
    },
    {
      "mode": "managed",
      "type": "kubectl_manifest",
      "name": "hello_world",
      "provider": "provider[\"registry.terraform.io/gavinbunney/kubectl\"]",
      "instances": [
        {
          "index_key": "/api/v1/services/hello-world-service",
          "schema_version": 1,
          "attributes": {
            "api_version": "v1",
            "apply_only": false,
            "force_conflicts": false,
            "force_new": false,
            "id": "/api/v1/namespaces/default/services/hello-world-service",
            "ignore_fields": null,
            "kind": "Service",
            "live_manifest_incluster": "b5f0a9edc98f4f80560686bb154f9fd777cfa086627b355d89383b074ab9aa89",
            "live_uid": "87c3c869-9c97-4ddc-af6c-965d9122925a",
            "name": "hello-world-service",
            "namespace": null,
            "override_namespace": null,
            "sensitive_fields": null,
            "server_side_apply": false,
            "timeouts": null,
            "uid": "87c3c869-9c97-4ddc-af6c-965d9122925a",
            "validate_schema": true,
            "wait": null,
            "wait_for_rollout": true,
            "yaml_body": "apiVersion: v1\nkind: Service\nmetadata:\n  labels:\n    app: hello-world\n  name: hello-world-service\nspec:\n  ports:\n  - port: 80\n    targetPort: 8080\n  selector:\n    app: hello-world\n  type: LoadBalancer\n",
            "yaml_body_parsed": "apiVersion: v1\nkind: Service\nmetadata:\n  labels:\n    app: hello-world\n  name: hello-world-service\nspec:\n  ports:\n  - port: 80\n    targetPort: 8080\n  selector:\n    app: hello-world\n  type: LoadBalancer\n",
            "yaml_incluster": "b5f0a9edc98f4f80560686bb154f9fd777cfa086627b355d89383b074ab9aa89"
          },
          "sensitive_attributes": [],
          "private": "eyJlMmJmYjczMC1lY2FhLTExZTYtOGY4OC0zNDM2M2JjN2M0YzAiOnsiY3JlYXRlIjo2MDAwMDAwMDAwMDB9LCJzY2hlbWFfdmVyc2lvbiI6IjEifQ==",
          "dependencies": [
            "data.kubectl_file_documents.hello_world",
            "null_resource.kubeconfig",
            "scaleway_k8s_cluster.loicsteve_cluster",
            "scaleway_k8s_pool.loicsteve_pool",
            "scaleway_vpc_private_network.hedy"
          ]
        },
        {
          "index_key": "/apis/apps/v1/deployments/hello-world",
          "schema_version": 1,
          "attributes": {
            "api_version": "apps/v1",
            "apply_only": false,
            "force_conflicts": false,
            "force_new": false,
            "id": "/apis/apps/v1/namespaces/default/deployments/hello-world",
            "ignore_fields": null,
            "kind": "Deployment",
            "live_manifest_incluster": "39101dee0e5fed2495d516447b8223dec5747545f01c67dace69a0e1e0362e55",
            "live_uid": "0107c171-5a92-488c-bdc7-9861773479d7",
            "name": "hello-world",
            "namespace": null,
            "override_namespace": null,
            "sensitive_fields": null,
            "server_side_apply": false,
            "timeouts": null,
            "uid": "0107c171-5a92-488c-bdc7-9861773479d7",
            "validate_schema": true,
            "wait": null,
            "wait_for_rollout": true,
            "yaml_body": "apiVersion: apps/v1\nkind: Deployment\nmetadata:\n  labels:\n    app: hello-world\n  name: hello-world\nspec:\n  replicas: 1\n  selector:\n    matchLabels:\n      app: hello-world\n  template:\n    metadata:\n      labels:\n        app: hello-world\n    spec:\n      containers:\n      - env:\n        - name: MESSAGE\n          value: Hello world, I'm Loic Steve, future work-study student at Free!\n        image: paulbouwer/hello-kubernetes:1.9\n        name: hello-world\n        ports:\n        - containerPort: 8080\n",
            "yaml_body_parsed": "apiVersion: apps/v1\nkind: Deployment\nmetadata:\n  labels:\n    app: hello-world\n  name: hello-world\nspec:\n  replicas: 1\n  selector:\n    matchLabels:\n      app: hello-world\n  template:\n    metadata:\n      labels:\n        app: hello-world\n    spec:\n      containers:\n      - env:\n        - name: MESSAGE\n          value: Hello world, I'm Loic Steve, future work-study student at Free!\n        image: paulbouwer/hello-kubernetes:1.9\n        name: hello-world\n        ports:\n        - containerPort: 8080\n",
            "yaml_incluster": "39101dee0e5fed2495d516447b8223dec5747545f01c67dace69a0e1e0362e55"
          },
          "sensitive_attributes": [],
          "private": "eyJlMmJmYjczMC1lY2FhLTExZTYtOGY4OC0zNDM2M2JjN2M0YzAiOnsiY3JlYXRlIjo2MDAwMDAwMDAwMDB9LCJzY2hlbWFfdmVyc2lvbiI6IjEifQ==",
          "dependencies": [
            "data.kubectl_file_documents.hello_world",
            "null_resource.kubeconfig",
            "scaleway_k8s_cluster.loicsteve_cluster",
            "scaleway_k8s_pool.loicsteve_pool",
            "scaleway_vpc_private_network.hedy"
          ]
        },
        {
          "index_key": "/apis/networking.k8s.io/v1/ingresses/hello-world-ingress",
          "schema_version": 1,
          "attributes": {
            "api_version": "networking.k8s.io/v1",
            "apply_only": false,
            "force_conflicts": false,
            "force_new": false,
            "id": "/apis/networking.k8s.io/v1/namespaces/default/ingresses/hello-world-ingress",
            "ignore_fields": null,
            "kind": "Ingress",
            "live_manifest_incluster": "f279a3e8421dfb2f6e6d613d9adf65542ce928b8f8f161b9f49baffe96d02940",
            "live_uid": "cdc1d3f9-d9d7-4ddb-99b0-74448014d99e",
            "name": "hello-world-ingress",
            "namespace": null,
            "override_namespace": null,
            "sensitive_fields": null,
            "server_side_apply": false,
            "timeouts": null,
            "uid": "cdc1d3f9-d9d7-4ddb-99b0-74448014d99e",
            "validate_schema": true,
            "wait": null,
            "wait_for_rollout": true,
            "yaml_body": "apiVersion: networking.k8s.io/v1\nkind: Ingress\nmetadata:\n  annotations:\n    kubernetes.io/ingress.class: nginx\n    nginx.ingress.kubernetes.io/rewrite-target: /\n    nginx.ingress.kubernetes.io/ssl-redirect: \"true\"\n    nginx.ingress.kubernetes.io/well-known-type: acme\n  name: hello-world-ingress\nspec:\n  rules:\n  - host: hello-world.com\n    http:\n      paths:\n      - backend:\n          service:\n            name: hello-world-service\n            port:\n              number: 80\n        path: /\n        pathType: Prefix\n  tls:\n  - hosts:\n    - hello-world.com\n    secretName: hello-world-tls\n",
            "yaml_body_parsed": "apiVersion: networking.k8s.io/v1\nkind: Ingress\nmetadata:\n  annotations:\n    kubernetes.io/ingress.class: nginx\n    nginx.ingress.kubernetes.io/rewrite-target: /\n    nginx.ingress.kubernetes.io/ssl-redirect: \"true\"\n    nginx.ingress.kubernetes.io/well-known-type: acme\n  name: hello-world-ingress\nspec:\n  rules:\n  - host: hello-world.com\n    http:\n      paths:\n      - backend:\n          service:\n            name: hello-world-service\n            port:\n              number: 80\n        path: /\n        pathType: Prefix\n  tls:\n  - hosts:\n    - hello-world.com\n    secretName: hello-world-tls\n",
            "yaml_incluster": "f279a3e8421dfb2f6e6d613d9adf65542ce928b8f8f161b9f49baffe96d02940"
          },
          "sensitive_attributes": [],
          "private": "eyJlMmJmYjczMC1lY2FhLTExZTYtOGY4OC0zNDM2M2JjN2M0YzAiOnsiY3JlYXRlIjo2MDAwMDAwMDAwMDB9LCJzY2hlbWFfdmVyc2lvbiI6IjEifQ==",
          "dependencies": [
            "data.kubectl_file_documents.hello_world",
            "null_resource.kubeconfig",
            "scaleway_k8s_cluster.loicsteve_cluster",
            "scaleway_k8s_pool.loicsteve_pool",
            "scaleway_vpc_private_network.hedy"
          ]
        }
      ]
    },
    {
      "mode": "managed",
      "type": "local_file",
      "name": "kubeconfig",
      "provider": "provider[\"registry.terraform.io/hashicorp/local\"]",
      "instances": [
        {
          "schema_version": 0,
          "attributes": {
            "content": "apiVersion: v1\nclusters:\n- name: \"loicsteve\"\n  cluster:\n    certificate-authority-data: LS0tLS1CRUdJTiBDRVJUSUZJQ0FURS0tLS0tCk1JSUM1ekNDQWMrZ0F3SUJBZ0lCQURBTkJna3Foa2lHOXcwQkFRc0ZBREFWTVJNd0VRWURWUVFERXdwcmRXSmwKY201bGRHVnpNQjRYRFRJME1EUXlPVEUyTXpjd01Gb1hEVE0wTURReU9URTJNemN3TUZvd0ZURVRNQkVHQTFVRQpBeE1LYTNWaVpYSnVaWFJsY3pDQ0FTSXdEUVlKS29aSWh2Y05BUUVCQlFBRGdnRVBBRENDQVFvQ2dnRUJBTVpHCmU1N2wyQkNXd2F0dC8za29SZHhzK0xrNVhBeHgxRFRsRzNZRUNZeHlOelAzVE1RNG1QZ0lIZVZvcFFndUNYN2gKc3NRWnk2bmY3RVNZS0orZHl1ZHV6MGNmUFpuQzFROGJPWWx0WnRFbFpabVB5TW9oeEdLZGxPWHQ0ZnlqTDB0OApiclJaczM0aUpHaEI3VU5PREt1ZjMxWEw0U3BTdVorNUpGTWhlRHJMcVowNnRoNy95cmlRcE0wTC9iOFFTcGR3Cjg3QStvQzVHNlNobE9mdWhkYmJUM0wxcXF4cTkvbEdWTE9vS2N0dEtvenFhbkRBVmpVT1lwS29jMlc1SVFSc3AKMmZBSU1oT3V4TDAraFpSUWdudS9UNTYrWWN0OUk4TnM3OFhNWVlDV3F4aTg1RXYyY0VETisrUE4rSmxDVkJyawpaa2Y4ZzB1clcwVEZEeGZMM2tNQ0F3RUFBYU5DTUVBd0RnWURWUjBQQVFIL0JBUURBZ0trTUE4R0ExVWRFd0VCCi93UUZNQU1CQWY4d0hRWURWUjBPQkJZRUZGd3lSZ3lpM1E4R1RLejNoQkFJSHdoOUhiQzhNQTBHQ1NxR1NJYjMKRFFFQkN3VUFBNElCQVFCTHZoQUNFeEg5WUtBSXR1TlB2bVN0TVp5S2N5OXQrQ2k2b1p2eGF2emZ1TW16WWUycAo5T0tLZHZDa0NUMDZ5OSs0dmN4SDV6UU1ZZytENk9OQ2ZXdnF3aFk5bXQrbVBnSVBhckdrUjRFWGo1UUdWWWFjCjF2UlNQalN6RDhzVWtaQk5iN0VIVWtYZUdhR0lKL2dVQmtCZXFkR3htbzJEMWIydFBkc0NyeWZaTENieVlmUTYKVGJTZmNFbUpsc055U3V5WXhkRUJxU3RjbUJabjh0OXpEd2tCUFN6alFMbk1ZTldiNFBqaURWTllteklabEpzZQo2K09RaHNtclpteXoxTWFHc3diY3Y3WTJDT0JJSXdPZjIyRDdTL2laZWJlaWFsM1Z2UXA3VmluN25xWVVQUVJiCk5GaTZaLzltbDlSUTNNSUFmRHBLOHdOOHNpMVhEcmd6SkRMZAotLS0tLUVORCBDRVJUSUZJQ0FURS0tLS0tCg==\n    server: https://19cee77c-505f-4763-83b5-5771b662d730.api.k8s.fr-par.scw.cloud:6443\ncontexts:\n- name: admin@loicsteve\n  context:\n    cluster: \"loicsteve\"\n    user: loicsteve-admin\ncurrent-context: admin@loicsteve\nkind: Config\npreferences: {}\nusers:\n- name: loicsteve-admin\n  user:\n    token: CWlmbTaUALBk7dSIibDPhJjOuO6TWYuJkIKY769XneyJsiL5yKfzXPx4",
            "content_base64": null,
            "content_base64sha256": "xTDJM7C0whXiFaasM7DRxwGpKKMicPVuDP8Bc9ewI4k=",
            "content_base64sha512": "EwfNFwcS5IzaoT3srRcSevJgyg24505qyLOKpAtw87DP6u+Cj+c568OVSzzUcgyI15bjH6U6umQO4VRvAuYkSQ==",
            "content_md5": "f27cdb0006263722fa69e6b58ec19202",
            "content_sha1": "f167a0125a9b5abc962b3a173be99ee58d1d649d",
            "content_sha256": "c530c933b0b4c215e215a6ac33b0d1c701a928a32270f56e0cff0173d7b02389",
            "content_sha512": "1307cd170712e48cdaa13decad17127af260ca0db8e74e6ac8b38aa40b70f3b0cfeaef828fe739ebc3954b3cd4720c88d796e31fa53aba640ee1546f02e62449",
            "directory_permission": "0777",
            "file_permission": "0777",
            "filename": "./kubeconfig",
            "id": "f167a0125a9b5abc962b3a173be99ee58d1d649d",
            "sensitive_content": null,
            "source": null
          },
          "sensitive_attributes": [
            [
              {
                "type": "get_attr",
                "value": "content"
              }
            ]
          ],
          "dependencies": [
            "scaleway_k8s_cluster.loicsteve_cluster",
            "scaleway_vpc_private_network.hedy"
          ]
        }
      ]
    },
    {
      "mode": "managed",
      "type": "null_resource",
      "name": "kubeconfig",
      "provider": "provider[\"registry.terraform.io/hashicorp/null\"]",
      "instances": [
        {
          "schema_version": 0,
          "attributes": {
            "id": "2064539512050722746",
            "triggers": {
              "cluster_ca_certificate": "LS0tLS1CRUdJTiBDRVJUSUZJQ0FURS0tLS0tCk1JSUM1ekNDQWMrZ0F3SUJBZ0lCQURBTkJna3Foa2lHOXcwQkFRc0ZBREFWTVJNd0VRWURWUVFERXdwcmRXSmwKY201bGRHVnpNQjRYRFRJME1EUXlPVEUyTXpjd01Gb1hEVE0wTURReU9URTJNemN3TUZvd0ZURVRNQkVHQTFVRQpBeE1LYTNWaVpYSnVaWFJsY3pDQ0FTSXdEUVlKS29aSWh2Y05BUUVCQlFBRGdnRVBBRENDQVFvQ2dnRUJBTVpHCmU1N2wyQkNXd2F0dC8za29SZHhzK0xrNVhBeHgxRFRsRzNZRUNZeHlOelAzVE1RNG1QZ0lIZVZvcFFndUNYN2gKc3NRWnk2bmY3RVNZS0orZHl1ZHV6MGNmUFpuQzFROGJPWWx0WnRFbFpabVB5TW9oeEdLZGxPWHQ0ZnlqTDB0OApiclJaczM0aUpHaEI3VU5PREt1ZjMxWEw0U3BTdVorNUpGTWhlRHJMcVowNnRoNy95cmlRcE0wTC9iOFFTcGR3Cjg3QStvQzVHNlNobE9mdWhkYmJUM0wxcXF4cTkvbEdWTE9vS2N0dEtvenFhbkRBVmpVT1lwS29jMlc1SVFSc3AKMmZBSU1oT3V4TDAraFpSUWdudS9UNTYrWWN0OUk4TnM3OFhNWVlDV3F4aTg1RXYyY0VETisrUE4rSmxDVkJyawpaa2Y4ZzB1clcwVEZEeGZMM2tNQ0F3RUFBYU5DTUVBd0RnWURWUjBQQVFIL0JBUURBZ0trTUE4R0ExVWRFd0VCCi93UUZNQU1CQWY4d0hRWURWUjBPQkJZRUZGd3lSZ3lpM1E4R1RLejNoQkFJSHdoOUhiQzhNQTBHQ1NxR1NJYjMKRFFFQkN3VUFBNElCQVFCTHZoQUNFeEg5WUtBSXR1TlB2bVN0TVp5S2N5OXQrQ2k2b1p2eGF2emZ1TW16WWUycAo5T0tLZHZDa0NUMDZ5OSs0dmN4SDV6UU1ZZytENk9OQ2ZXdnF3aFk5bXQrbVBnSVBhckdrUjRFWGo1UUdWWWFjCjF2UlNQalN6RDhzVWtaQk5iN0VIVWtYZUdhR0lKL2dVQmtCZXFkR3htbzJEMWIydFBkc0NyeWZaTENieVlmUTYKVGJTZmNFbUpsc055U3V5WXhkRUJxU3RjbUJabjh0OXpEd2tCUFN6alFMbk1ZTldiNFBqaURWTllteklabEpzZQo2K09RaHNtclpteXoxTWFHc3diY3Y3WTJDT0JJSXdPZjIyRDdTL2laZWJlaWFsM1Z2UXA3VmluN25xWVVQUVJiCk5GaTZaLzltbDlSUTNNSUFmRHBLOHdOOHNpMVhEcmd6SkRMZAotLS0tLUVORCBDRVJUSUZJQ0FURS0tLS0tCg==",
              "host": "https://19cee77c-505f-4763-83b5-5771b662d730.api.k8s.fr-par.scw.cloud:6443",
              "token": "CWlmbTaUALBk7dSIibDPhJjOuO6TWYuJkIKY769XneyJsiL5yKfzXPx4"
            }
          },
          "sensitive_attributes": [
            [
              {
                "type": "get_attr",
                "value": "triggers"
              },
              {
                "type": "index",
                "value": {
                  "value": "cluster_ca_certificate",
                  "type": "string"
                }
              }
            ],
            [
              {
                "type": "get_attr",
                "value": "triggers"
              },
              {
                "type": "index",
                "value": {
                  "value": "host",
                  "type": "string"
                }
              }
            ],
            [
              {
                "type": "get_attr",
                "value": "triggers"
              },
              {
                "type": "index",
                "value": {
                  "value": "token",
                  "type": "string"
                }
              }
            ]
          ],
          "dependencies": [
            "scaleway_k8s_cluster.loicsteve_cluster",
            "scaleway_k8s_pool.loicsteve_pool",
            "scaleway_vpc_private_network.hedy"
          ]
        }
      ]
    },
    {
      "mode": "managed",
      "type": "scaleway_k8s_cluster",
      "name": "loicsteve_cluster",
      "provider": "provider[\"registry.terraform.io/scaleway/scaleway\"]",
      "instances": [
        {
          "schema_version": 0,
          "attributes": {
            "admission_plugins": [],
            "apiserver_cert_sans": [],
            "apiserver_url": "https://19cee77c-505f-4763-83b5-5771b662d730.api.k8s.fr-par.scw.cloud:6443",
            "auto_upgrade": [
              {
                "enable": false,
                "maintenance_window_day": "any",
                "maintenance_window_start_hour": 0
              }
            ],
            "autoscaler_config": [
              {
                "balance_similar_node_groups": false,
                "disable_scale_down": false,
                "estimator": "binpacking",
                "expander": "random",
                "expendable_pods_priority_cutoff": 0,
                "ignore_daemonsets_utilization": false,
                "max_graceful_termination_sec": 0,
                "scale_down_delay_after_add": "10m",
                "scale_down_unneeded_time": "10m",
                "scale_down_utilization_threshold": 0.5
              }
            ],
            "cni": "flannel",
            "created_at": "2024-04-30T16:36:58Z",
            "delete_additional_resources": false,
            "description": "",
            "feature_gates": [],
            "id": "fr-par/19cee77c-505f-4763-83b5-5771b662d730",
            "kubeconfig": [
              {
                "cluster_ca_certificate": "LS0tLS1CRUdJTiBDRVJUSUZJQ0FURS0tLS0tCk1JSUM1ekNDQWMrZ0F3SUJBZ0lCQURBTkJna3Foa2lHOXcwQkFRc0ZBREFWTVJNd0VRWURWUVFERXdwcmRXSmwKY201bGRHVnpNQjRYRFRJME1EUXlPVEUyTXpjd01Gb1hEVE0wTURReU9URTJNemN3TUZvd0ZURVRNQkVHQTFVRQpBeE1LYTNWaVpYSnVaWFJsY3pDQ0FTSXdEUVlKS29aSWh2Y05BUUVCQlFBRGdnRVBBRENDQVFvQ2dnRUJBTVpHCmU1N2wyQkNXd2F0dC8za29SZHhzK0xrNVhBeHgxRFRsRzNZRUNZeHlOelAzVE1RNG1QZ0lIZVZvcFFndUNYN2gKc3NRWnk2bmY3RVNZS0orZHl1ZHV6MGNmUFpuQzFROGJPWWx0WnRFbFpabVB5TW9oeEdLZGxPWHQ0ZnlqTDB0OApiclJaczM0aUpHaEI3VU5PREt1ZjMxWEw0U3BTdVorNUpGTWhlRHJMcVowNnRoNy95cmlRcE0wTC9iOFFTcGR3Cjg3QStvQzVHNlNobE9mdWhkYmJUM0wxcXF4cTkvbEdWTE9vS2N0dEtvenFhbkRBVmpVT1lwS29jMlc1SVFSc3AKMmZBSU1oT3V4TDAraFpSUWdudS9UNTYrWWN0OUk4TnM3OFhNWVlDV3F4aTg1RXYyY0VETisrUE4rSmxDVkJyawpaa2Y4ZzB1clcwVEZEeGZMM2tNQ0F3RUFBYU5DTUVBd0RnWURWUjBQQVFIL0JBUURBZ0trTUE4R0ExVWRFd0VCCi93UUZNQU1CQWY4d0hRWURWUjBPQkJZRUZGd3lSZ3lpM1E4R1RLejNoQkFJSHdoOUhiQzhNQTBHQ1NxR1NJYjMKRFFFQkN3VUFBNElCQVFCTHZoQUNFeEg5WUtBSXR1TlB2bVN0TVp5S2N5OXQrQ2k2b1p2eGF2emZ1TW16WWUycAo5T0tLZHZDa0NUMDZ5OSs0dmN4SDV6UU1ZZytENk9OQ2ZXdnF3aFk5bXQrbVBnSVBhckdrUjRFWGo1UUdWWWFjCjF2UlNQalN6RDhzVWtaQk5iN0VIVWtYZUdhR0lKL2dVQmtCZXFkR3htbzJEMWIydFBkc0NyeWZaTENieVlmUTYKVGJTZmNFbUpsc055U3V5WXhkRUJxU3RjbUJabjh0OXpEd2tCUFN6alFMbk1ZTldiNFBqaURWTllteklabEpzZQo2K09RaHNtclpteXoxTWFHc3diY3Y3WTJDT0JJSXdPZjIyRDdTL2laZWJlaWFsM1Z2UXA3VmluN25xWVVQUVJiCk5GaTZaLzltbDlSUTNNSUFmRHBLOHdOOHNpMVhEcmd6SkRMZAotLS0tLUVORCBDRVJUSUZJQ0FURS0tLS0tCg==",
                "config_file": "apiVersion: v1\nclusters:\n- name: \"loicsteve\"\n  cluster:\n    certificate-authority-data: LS0tLS1CRUdJTiBDRVJUSUZJQ0FURS0tLS0tCk1JSUM1ekNDQWMrZ0F3SUJBZ0lCQURBTkJna3Foa2lHOXcwQkFRc0ZBREFWTVJNd0VRWURWUVFERXdwcmRXSmwKY201bGRHVnpNQjRYRFRJME1EUXlPVEUyTXpjd01Gb1hEVE0wTURReU9URTJNemN3TUZvd0ZURVRNQkVHQTFVRQpBeE1LYTNWaVpYSnVaWFJsY3pDQ0FTSXdEUVlKS29aSWh2Y05BUUVCQlFBRGdnRVBBRENDQVFvQ2dnRUJBTVpHCmU1N2wyQkNXd2F0dC8za29SZHhzK0xrNVhBeHgxRFRsRzNZRUNZeHlOelAzVE1RNG1QZ0lIZVZvcFFndUNYN2gKc3NRWnk2bmY3RVNZS0orZHl1ZHV6MGNmUFpuQzFROGJPWWx0WnRFbFpabVB5TW9oeEdLZGxPWHQ0ZnlqTDB0OApiclJaczM0aUpHaEI3VU5PREt1ZjMxWEw0U3BTdVorNUpGTWhlRHJMcVowNnRoNy95cmlRcE0wTC9iOFFTcGR3Cjg3QStvQzVHNlNobE9mdWhkYmJUM0wxcXF4cTkvbEdWTE9vS2N0dEtvenFhbkRBVmpVT1lwS29jMlc1SVFSc3AKMmZBSU1oT3V4TDAraFpSUWdudS9UNTYrWWN0OUk4TnM3OFhNWVlDV3F4aTg1RXYyY0VETisrUE4rSmxDVkJyawpaa2Y4ZzB1clcwVEZEeGZMM2tNQ0F3RUFBYU5DTUVBd0RnWURWUjBQQVFIL0JBUURBZ0trTUE4R0ExVWRFd0VCCi93UUZNQU1CQWY4d0hRWURWUjBPQkJZRUZGd3lSZ3lpM1E4R1RLejNoQkFJSHdoOUhiQzhNQTBHQ1NxR1NJYjMKRFFFQkN3VUFBNElCQVFCTHZoQUNFeEg5WUtBSXR1TlB2bVN0TVp5S2N5OXQrQ2k2b1p2eGF2emZ1TW16WWUycAo5T0tLZHZDa0NUMDZ5OSs0dmN4SDV6UU1ZZytENk9OQ2ZXdnF3aFk5bXQrbVBnSVBhckdrUjRFWGo1UUdWWWFjCjF2UlNQalN6RDhzVWtaQk5iN0VIVWtYZUdhR0lKL2dVQmtCZXFkR3htbzJEMWIydFBkc0NyeWZaTENieVlmUTYKVGJTZmNFbUpsc055U3V5WXhkRUJxU3RjbUJabjh0OXpEd2tCUFN6alFMbk1ZTldiNFBqaURWTllteklabEpzZQo2K09RaHNtclpteXoxTWFHc3diY3Y3WTJDT0JJSXdPZjIyRDdTL2laZWJlaWFsM1Z2UXA3VmluN25xWVVQUVJiCk5GaTZaLzltbDlSUTNNSUFmRHBLOHdOOHNpMVhEcmd6SkRMZAotLS0tLUVORCBDRVJUSUZJQ0FURS0tLS0tCg==\n    server: https://19cee77c-505f-4763-83b5-5771b662d730.api.k8s.fr-par.scw.cloud:6443\ncontexts:\n- name: admin@loicsteve\n  context:\n    cluster: \"loicsteve\"\n    user: loicsteve-admin\ncurrent-context: admin@loicsteve\nkind: Config\npreferences: {}\nusers:\n- name: loicsteve-admin\n  user:\n    token: CWlmbTaUALBk7dSIibDPhJjOuO6TWYuJkIKY769XneyJsiL5yKfzXPx4",
                "host": "https://19cee77c-505f-4763-83b5-5771b662d730.api.k8s.fr-par.scw.cloud:6443",
                "token": "CWlmbTaUALBk7dSIibDPhJjOuO6TWYuJkIKY769XneyJsiL5yKfzXPx4"
              }
            ],
            "name": "loicsteve",
            "open_id_connect_config": [
              {
                "client_id": "",
                "groups_claim": [],
                "groups_prefix": "",
                "issuer_url": "",
                "required_claim": [],
                "username_claim": "",
                "username_prefix": ""
              }
            ],
            "organization_id": "1f0161ec-4cb6-4798-9917-42e495281c80",
            "private_network_id": "24ee884f-51b1-458b-adc7-140c48fdee8b",
            "project_id": "6f78d637-c026-480b-983e-948846a06d5f",
            "region": "fr-par",
            "status": "ready",
            "tags": [],
            "timeouts": null,
            "type": "kapsule",
            "updated_at": "2024-04-30T16:56:55Z",
            "upgrade_available": true,
            "version": "1.24.3",
            "wildcard_dns": "*.19cee77c-505f-4763-83b5-5771b662d730.nodes.k8s.fr-par.scw.cloud"
          },
          "sensitive_attributes": [],
          "private": "eyJlMmJmYjczMC1lY2FhLTExZTYtOGY4OC0zNDM2M2JjN2M0YzAiOnsiY3JlYXRlIjo5MDAwMDAwMDAwMDAsImRlZmF1bHQiOjkwMDAwMDAwMDAwMCwiZGVsZXRlIjo5MDAwMDAwMDAwMDAsInJlYWQiOjkwMDAwMDAwMDAwMCwidXBkYXRlIjo5MDAwMDAwMDAwMDB9fQ==",
          "dependencies": [
            "scaleway_vpc_private_network.hedy"
          ]
        }
      ]
    },
    {
      "mode": "managed",
      "type": "scaleway_k8s_pool",
      "name": "loicsteve_pool",
      "provider": "provider[\"registry.terraform.io/scaleway/scaleway\"]",
      "instances": [
        {
          "schema_version": 0,
          "attributes": {
            "autohealing": true,
            "autoscaling": true,
            "cluster_id": "fr-par/19cee77c-505f-4763-83b5-5771b662d730",
            "container_runtime": "containerd",
            "created_at": "2024-04-30T16:55:33Z",
            "current_size": 1,
            "id": "fr-par/b438f446-a552-41c7-ae0c-c97c0adc9a31",
            "kubelet_args": {},
            "max_size": 2,
            "min_size": 1,
            "name": "loicsteve-pool",
            "node_type": "dev1_m",
            "nodes": [
              {
                "name": "scw-loicsteve-loicsteve-pool-6fd5530b26ee4acd9",
                "public_ip": "212.47.246.165",
                "public_ip_v6": "",
                "status": "ready"
              }
            ],
            "placement_group_id": null,
            "public_ip_disabled": false,
            "region": "fr-par",
            "root_volume_size_in_gb": 40,
            "root_volume_type": "l_ssd",
            "size": 2,
            "status": "ready",
            "tags": [],
            "timeouts": null,
            "updated_at": "2024-05-02T17:36:15Z",
            "upgrade_policy": [
              {
                "max_surge": 0,
                "max_unavailable": 1
              }
            ],
            "version": "1.24.3",
            "wait_for_pool_ready": true,
            "zone": "fr-par-1"
          },
          "sensitive_attributes": [],
          "private": "eyJlMmJmYjczMC1lY2FhLTExZTYtOGY4OC0zNDM2M2JjN2M0YzAiOnsiY3JlYXRlIjo5MDAwMDAwMDAwMDAsImRlZmF1bHQiOjkwMDAwMDAwMDAwMCwiZGVsZXRlIjo5MDAwMDAwMDAwMDAsInJlYWQiOjkwMDAwMDAwMDAwMCwidXBkYXRlIjo5MDAwMDAwMDAwMDB9fQ==",
          "dependencies": [
            "scaleway_k8s_cluster.loicsteve_cluster",
            "scaleway_vpc_private_network.hedy"
          ]
        }
      ]
    },
    {
      "mode": "managed",
      "type": "scaleway_lb_ip",
      "name": "nginx_ip",
      "provider": "provider[\"registry.terraform.io/scaleway/scaleway\"]",
      "instances": [
        {
          "schema_version": 1,
          "attributes": {
            "id": "fr-par-1/2413455f-1629-488f-b3f6-e8df1edee396",
            "ip_address": "195.154.74.183",
            "is_ipv6": false,
            "lb_id": "c734fc09-0901-4819-a8d6-7df87a9cb5eb",
            "organization_id": "1f0161ec-4cb6-4798-9917-42e495281c80",
            "project_id": "6f78d637-c026-480b-983e-948846a06d5f",
            "region": "fr-par",
            "reverse": "195-154-74-183.lb.fr-par.scw.cloud",
            "timeouts": null,
            "zone": "fr-par-1"
          },
          "sensitive_attributes": [],
          "private": "eyJlMmJmYjczMC1lY2FhLTExZTYtOGY4OC0zNDM2M2JjN2M0YzAiOnsiY3JlYXRlIjo2MDAwMDAwMDAwMDAsImRlZmF1bHQiOjYwMDAwMDAwMDAwMCwiZGVsZXRlIjo2MDAwMDAwMDAwMDAsInJlYWQiOjYwMDAwMDAwMDAwMCwidXBkYXRlIjo2MDAwMDAwMDAwMDB9LCJzY2hlbWFfdmVyc2lvbiI6IjEifQ==",
          "dependencies": [
            "scaleway_k8s_cluster.loicsteve_cluster",
            "scaleway_vpc_private_network.hedy"
          ]
        }
      ]
    },
    {
      "mode": "managed",
      "type": "scaleway_vpc_private_network",
      "name": "hedy",
      "provider": "provider[\"registry.terraform.io/scaleway/scaleway\"]",
      "instances": [
        {
          "schema_version": 1,
          "attributes": {
            "created_at": "2024-04-30T16:36:57Z",
            "id": "fr-par/24ee884f-51b1-458b-adc7-140c48fdee8b",
            "ipv4_subnet": [
              {
                "address": "172.16.8.0",
                "created_at": "2024-04-30T16:36:57Z",
                "id": "09970030-0c5c-47b2-a53a-b4da1f14b2eb",
                "prefix_length": 22,
                "subnet": "172.16.8.0/22",
                "subnet_mask": "255.255.252.0",
                "updated_at": "2024-04-30T16:36:57Z"
              }
            ],
            "ipv6_subnets": [
              {
                "address": "fdbd:8d53:2173:5d99::",
                "created_at": "2024-04-30T16:36:57Z",
                "id": "a1ff8feb-8bef-497c-87b9-55d45737fe51",
                "prefix_length": 64,
                "subnet": "fdbd:8d53:2173:5d99::/64",
                "subnet_mask": "255.255.255.255.255.255.255.255.0.0.0.0.0.0.0.0",
                "updated_at": "2024-04-30T16:36:57Z"
              }
            ],
            "is_regional": true,
            "name": "tf-pn-flamboyant-antonelli",
            "organization_id": "1f0161ec-4cb6-4798-9917-42e495281c80",
            "project_id": "6f78d637-c026-480b-983e-948846a06d5f",
            "region": "fr-par",
            "tags": [],
            "updated_at": "2024-04-30T16:36:57Z",
            "vpc_id": "fr-par/3736afe6-fa7d-46c3-9c7d-012826dd04c9",
            "zone": "fr-par-1"
          },
          "sensitive_attributes": [],
          "private": "eyJzY2hlbWFfdmVyc2lvbiI6IjEifQ=="
        }
      ]
    }
  ],
  "check_results": null
}
